
Microsoft Visual Studio Solution File, Format Version 12.00
# Visual Studio 15
VisualStudioVersion = 15.0.27703.2026
MinimumVisualStudioVersion = 10.0.40219.1
Project("{FAE04EC0-301F-11D3-BF4B-00C04F79EFBC}") = "SapatariaBiblioteca", "SapatariaBiblioteca\SapatariaBiblioteca.csproj", "{63B7DEAF-3FF3-4AB9-86C2-2B5A55833A9F}"
EndProject
Project("{FAE04EC0-301F-11D3-BF4B-00C04F79EFBC}") = "InterfaceGrafica", "InterfaceGrafica\InterfaceGrafica.csproj", "{9B98CB7A-5206-4ADC-9284-CE4DCA83B87B}"
EndProject
Project("{FAE04EC0-301F-11D3-BF4B-00C04F79EFBC}") = "ConsoleApp1", "ConsoleApp3\ConsoleApp1.csproj", "{5F059770-4A5D-4053-9CAC-46CB652AA092}"
EndProject
Global
	GlobalSection(SolutionConfigurationPlatforms) = preSolution
		Debug|Any CPU = Debug|Any CPU
		Release|Any CPU = Release|Any CPU
	EndGlobalSection
	GlobalSection(ProjectConfigurationPlatforms) = postSolution
		{63B7DEAF-3FF3-4AB9-86C2-2B5A55833A9F}.Debug|Any CPU.ActiveCfg = Debug|Any CPU
		{63B7DEAF-3FF3-4AB9-86C2-2B5A55833A9F}.Debug|Any CPU.Build.0 = Debug|Any CPU
		{63B7DEAF-3FF3-4AB9-86C2-2B5A55833A9F}.Release|Any CPU.ActiveCfg = Release|Any CPU
		{63B7DEAF-3FF3-4AB9-86C2-2B5A55833A9F}.Release|Any CPU.Build.0 = Release|Any CPU
		{9B98CB7A-5206-4ADC-9284-CE4DCA83B87B}.Debug|Any CPU.ActiveCfg = Debug|Any CPU
		{9B98CB7A-5206-4ADC-9284-CE4DCA83B87B}.Debug|Any CPU.Build.0 = Debug|Any CPU
		{9B98CB7A-5206-4ADC-9284-CE4DCA83B87B}.Release|Any CPU.ActiveCfg = Release|Any CPU
		{9B98CB7A-5206-4ADC-9284-CE4DCA83B87B}.Release|Any CPU.Build.0 = Release|Any CPU
		{5F059770-4A5D-4053-9CAC-46CB652AA092}.Debug|Any CPU.ActiveCfg = Debug|Any CPU
		{5F059770-4A5D-4053-9CAC-46CB652AA092}.Debug|Any CPU.Build.0 = Debug|Any CPU
		{5F059770-4A5D-4053-9CAC-46CB652AA092}.Release|Any CPU.ActiveCfg = Release|Any CPU
		{5F059770-4A5D-4053-9CAC-46CB652AA092}.Release|Any CPU.Build.0 = Release|Any CPU
	EndGlobalSection
	GlobalSection(SolutionProperties) = preSolution
		HideSolutionNode = FALSE
	EndGlobalSection
	GlobalSection(ExtensibilityGlobals) = postSolution
		SolutionGuid = {116666BF-D1F5-44B8-8405-8B8787039A4D}
	EndGlobalSection
EndGlobal
